// !$*UTF8*$!
{
	archiveVersion = 1;
	classes = {
	};
	objectVersion = 50;
	objects = {

/* Begin PBXBuildFile section */
		CE5BC90025C179640026FABE /* AppDelegate.swift in Sources */ = {isa = PBXBuildFile; fileRef = CE5BC8FF25C179640026FABE /* AppDelegate.swift */; };
		CE5BC90225C179640026FABE /* SceneDelegate.swift in Sources */ = {isa = PBXBuildFile; fileRef = CE5BC90125C179640026FABE /* SceneDelegate.swift */; };
		CE5BC90425C179640026FABE /* ContentView.swift in Sources */ = {isa = PBXBuildFile; fileRef = CE5BC90325C179640026FABE /* ContentView.swift */; };
		CE5BC90625C179650026FABE /* Assets.xcassets in Resources */ = {isa = PBXBuildFile; fileRef = CE5BC90525C179650026FABE /* Assets.xcassets */; };
		CE5BC90925C179650026FABE /* Preview Assets.xcassets in Resources */ = {isa = PBXBuildFile; fileRef = CE5BC90825C179650026FABE /* Preview Assets.xcassets */; };
		CE5BC90C25C179650026FABE /* LaunchScreen.storyboard in Resources */ = {isa = PBXBuildFile; fileRef = CE5BC90A25C179650026FABE /* LaunchScreen.storyboard */; };
		CEC16B0F25C17FAB00F7B367 /* WidgetKit.framework in Frameworks */ = {isa = PBXBuildFile; fileRef = CEC16B0E25C17FAB00F7B367 /* WidgetKit.framework */; };
		CEC16B1125C17FAB00F7B367 /* SwiftUI.framework in Frameworks */ = {isa = PBXBuildFile; fileRef = CEC16B1025C17FAB00F7B367 /* SwiftUI.framework */; };
		CEC16B1425C17FAB00F7B367 /* task_Widget.swift in Sources */ = {isa = PBXBuildFile; fileRef = CEC16B1325C17FAB00F7B367 /* task_Widget.swift */; };
		CEC16B1725C17FAF00F7B367 /* Assets.xcassets in Resources */ = {isa = PBXBuildFile; fileRef = CEC16B1625C17FAF00F7B367 /* Assets.xcassets */; };
		CEC16B1925C17FAF00F7B367 /* task_Widget.intentdefinition in Sources */ = {isa = PBXBuildFile; fileRef = CEC16B1525C17FAB00F7B367 /* task_Widget.intentdefinition */; };
		CEC16B1A25C17FAF00F7B367 /* task_Widget.intentdefinition in Sources */ = {isa = PBXBuildFile; fileRef = CEC16B1525C17FAB00F7B367 /* task_Widget.intentdefinition */; };
		CEC16B1D25C17FAF00F7B367 /* task WidgetExtension.appex in Embed App Extensions */ = {isa = PBXBuildFile; fileRef = CEC16B0C25C17FAB00F7B367 /* task WidgetExtension.appex */; settings = {ATTRIBUTES = (RemoveHeadersOnCopy, ); }; };
		CEC16B4E25C21C9700F7B367 /* Font.swift in Sources */ = {isa = PBXBuildFile; fileRef = CEC16B4D25C21C9700F7B367 /* Font.swift */; };
		CEC16B4F25C21C9700F7B367 /* Font.swift in Sources */ = {isa = PBXBuildFile; fileRef = CEC16B4D25C21C9700F7B367 /* Font.swift */; };
		CEC16B5325C21E4200F7B367 /* BatteryViewModel.swift in Sources */ = {isa = PBXBuildFile; fileRef = CEC16B5225C21E4200F7B367 /* BatteryViewModel.swift */; };
		CEC16B5425C21E4200F7B367 /* BatteryViewModel.swift in Sources */ = {isa = PBXBuildFile; fileRef = CEC16B5225C21E4200F7B367 /* BatteryViewModel.swift */; };
		CEC16BAF25C2B96100F7B367 /* Date.swift in Sources */ = {isa = PBXBuildFile; fileRef = CEC16BAE25C2B96100F7B367 /* Date.swift */; };
		CEC16BB025C2B96100F7B367 /* Date.swift in Sources */ = {isa = PBXBuildFile; fileRef = CEC16BAE25C2B96100F7B367 /* Date.swift */; };
		CEC16BC225C2CA2C00F7B367 /* Courgette-Regular.ttf in Resources */ = {isa = PBXBuildFile; fileRef = CEC16B4A25C1EB3700F7B367 /* Courgette-Regular.ttf */; };
		CEC16BC525C2CA2F00F7B367 /* SF-Pro-Rounded-Regular.ttf in Resources */ = {isa = PBXBuildFile; fileRef = CEC16B4825C1EB3600F7B367 /* SF-Pro-Rounded-Regular.ttf */; };
		CEC16BC825C2CA3200F7B367 /* SF-Pro-Display-Bold.otf in Resources */ = {isa = PBXBuildFile; fileRef = CEC16B4925C1EB3700F7B367 /* SF-Pro-Display-Bold.otf */; };
/* End PBXBuildFile section */

/* Begin PBXContainerItemProxy section */
		CEC16B1B25C17FAF00F7B367 /* PBXContainerItemProxy */ = {
			isa = PBXContainerItemProxy;
			containerPortal = CE5BC8F425C179640026FABE /* Project object */;
			proxyType = 1;
			remoteGlobalIDString = CEC16B0B25C17FAB00F7B367;
			remoteInfo = "task WidgetExtension";
		};
/* End PBXContainerItemProxy section */

/* Begin PBXCopyFilesBuildPhase section */
		CEC16B1E25C17FAF00F7B367 /* Embed App Extensions */ = {
			isa = PBXCopyFilesBuildPhase;
			buildActionMask = 2147483647;
			dstPath = "";
			dstSubfolderSpec = 13;
			files = (
				CEC16B1D25C17FAF00F7B367 /* task WidgetExtension.appex in Embed App Extensions */,
			);
			name = "Embed App Extensions";
			runOnlyForDeploymentPostprocessing = 0;
		};
/* End PBXCopyFilesBuildPhase section */

/* Begin PBXFileReference section */
		CE5BC8FC25C179640026FABE /* widget.app */ = {isa = PBXFileReference; explicitFileType = wrapper.application; includeInIndex = 0; path = widget.app; sourceTree = BUILT_PRODUCTS_DIR; };
		CE5BC8FF25C179640026FABE /* AppDelegate.swift */ = {isa = PBXFileReference; lastKnownFileType = sourcecode.swift; path = AppDelegate.swift; sourceTree = "<group>"; };
		CE5BC90125C179640026FABE /* SceneDelegate.swift */ = {isa = PBXFileReference; lastKnownFileType = sourcecode.swift; path = SceneDelegate.swift; sourceTree = "<group>"; };
		CE5BC90325C179640026FABE /* ContentView.swift */ = {isa = PBXFileReference; lastKnownFileType = sourcecode.swift; path = ContentView.swift; sourceTree = "<group>"; };
		CE5BC90525C179650026FABE /* Assets.xcassets */ = {isa = PBXFileReference; lastKnownFileType = folder.assetcatalog; path = Assets.xcassets; sourceTree = "<group>"; };
		CE5BC90825C179650026FABE /* Preview Assets.xcassets */ = {isa = PBXFileReference; lastKnownFileType = folder.assetcatalog; path = "Preview Assets.xcassets"; sourceTree = "<group>"; };
		CE5BC90B25C179650026FABE /* Base */ = {isa = PBXFileReference; lastKnownFileType = file.storyboard; name = Base; path = Base.lproj/LaunchScreen.storyboard; sourceTree = "<group>"; };
		CE5BC90D25C179650026FABE /* Info.plist */ = {isa = PBXFileReference; lastKnownFileType = text.plist.xml; path = Info.plist; sourceTree = "<group>"; };
		CEC16B0C25C17FAB00F7B367 /* task WidgetExtension.appex */ = {isa = PBXFileReference; explicitFileType = "wrapper.app-extension"; includeInIndex = 0; path = "task WidgetExtension.appex"; sourceTree = BUILT_PRODUCTS_DIR; };
		CEC16B0E25C17FAB00F7B367 /* WidgetKit.framework */ = {isa = PBXFileReference; lastKnownFileType = wrapper.framework; name = WidgetKit.framework; path = System/Library/Frameworks/WidgetKit.framework; sourceTree = SDKROOT; };
		CEC16B1025C17FAB00F7B367 /* SwiftUI.framework */ = {isa = PBXFileReference; lastKnownFileType = wrapper.framework; name = SwiftUI.framework; path = System/Library/Frameworks/SwiftUI.framework; sourceTree = SDKROOT; };
		CEC16B1325C17FAB00F7B367 /* task_Widget.swift */ = {isa = PBXFileReference; lastKnownFileType = sourcecode.swift; path = task_Widget.swift; sourceTree = "<group>"; };
		CEC16B1525C17FAB00F7B367 /* task_Widget.intentdefinition */ = {isa = PBXFileReference; lastKnownFileType = file.intentdefinition; path = task_Widget.intentdefinition; sourceTree = "<group>"; };
		CEC16B1625C17FAF00F7B367 /* Assets.xcassets */ = {isa = PBXFileReference; lastKnownFileType = folder.assetcatalog; path = Assets.xcassets; sourceTree = "<group>"; };
		CEC16B1825C17FAF00F7B367 /* Info.plist */ = {isa = PBXFileReference; lastKnownFileType = text.plist.xml; path = Info.plist; sourceTree = "<group>"; };
		CEC16B4825C1EB3600F7B367 /* SF-Pro-Rounded-Regular.ttf */ = {isa = PBXFileReference; lastKnownFileType = file; path = "SF-Pro-Rounded-Regular.ttf"; sourceTree = "<group>"; };
		CEC16B4925C1EB3700F7B367 /* SF-Pro-Display-Bold.otf */ = {isa = PBXFileReference; lastKnownFileType = file; path = "SF-Pro-Display-Bold.otf"; sourceTree = "<group>"; };
		CEC16B4A25C1EB3700F7B367 /* Courgette-Regular.ttf */ = {isa = PBXFileReference; lastKnownFileType = file; path = "Courgette-Regular.ttf"; sourceTree = "<group>"; };
		CEC16B4D25C21C9700F7B367 /* Font.swift */ = {isa = PBXFileReference; lastKnownFileType = sourcecode.swift; path = Font.swift; sourceTree = "<group>"; };
		CEC16B5225C21E4200F7B367 /* BatteryViewModel.swift */ = {isa = PBXFileReference; lastKnownFileType = sourcecode.swift; path = BatteryViewModel.swift; sourceTree = "<group>"; };
		CEC16BAE25C2B96100F7B367 /* Date.swift */ = {isa = PBXFileReference; lastKnownFileType = sourcecode.swift; path = Date.swift; sourceTree = "<group>"; };
/* End PBXFileReference section */

/* Begin PBXFrameworksBuildPhase section */
		CE5BC8F925C179640026FABE /* Frameworks */ = {
			isa = PBXFrameworksBuildPhase;
			buildActionMask = 2147483647;
			files = (
			);
			runOnlyForDeploymentPostprocessing = 0;
		};
		CEC16B0925C17FAB00F7B367 /* Frameworks */ = {
			isa = PBXFrameworksBuildPhase;
			buildActionMask = 2147483647;
			files = (
				CEC16B1125C17FAB00F7B367 /* SwiftUI.framework in Frameworks */,
				CEC16B0F25C17FAB00F7B367 /* WidgetKit.framework in Frameworks */,
			);
			runOnlyForDeploymentPostprocessing = 0;
		};
/* End PBXFrameworksBuildPhase section */

/* Begin PBXGroup section */
		CE5BC8F325C179640026FABE = {
			isa = PBXGroup;
			children = (
				CE5BC8FE25C179640026FABE /* widget */,
				CEC16B1225C17FAB00F7B367 /* task Widget */,
				CEC16B0D25C17FAB00F7B367 /* Frameworks */,
				CE5BC8FD25C179640026FABE /* Products */,
			);
			sourceTree = "<group>";
		};
		CE5BC8FD25C179640026FABE /* Products */ = {
			isa = PBXGroup;
			children = (
				CE5BC8FC25C179640026FABE /* widget.app */,
				CEC16B0C25C17FAB00F7B367 /* task WidgetExtension.appex */,
			);
			name = Products;
			sourceTree = "<group>";
		};
		CE5BC8FE25C179640026FABE /* widget */ = {
			isa = PBXGroup;
			children = (
				CE5BC8FF25C179640026FABE /* AppDelegate.swift */,
				CE5BC90125C179640026FABE /* SceneDelegate.swift */,
				CE5BC90325C179640026FABE /* ContentView.swift */,
				CE5BC90525C179650026FABE /* Assets.xcassets */,
				CE5BC90A25C179650026FABE /* LaunchScreen.storyboard */,
				CE5BC90D25C179650026FABE /* Info.plist */,
				CE5BC90725C179650026FABE /* Preview Content */,
			);
			path = widget;
			sourceTree = "<group>";
		};
		CE5BC90725C179650026FABE /* Preview Content */ = {
			isa = PBXGroup;
			children = (
				CE5BC90825C179650026FABE /* Preview Assets.xcassets */,
			);
			path = "Preview Content";
			sourceTree = "<group>";
		};
		CEC16B0D25C17FAB00F7B367 /* Frameworks */ = {
			isa = PBXGroup;
			children = (
				CEC16B0E25C17FAB00F7B367 /* WidgetKit.framework */,
				CEC16B1025C17FAB00F7B367 /* SwiftUI.framework */,
			);
			name = Frameworks;
			sourceTree = "<group>";
		};
		CEC16B1225C17FAB00F7B367 /* task Widget */ = {
			isa = PBXGroup;
			children = (
				CEC16B1325C17FAB00F7B367 /* task_Widget.swift */,
				CEC16B1525C17FAB00F7B367 /* task_Widget.intentdefinition */,
				CEC16B5225C21E4200F7B367 /* BatteryViewModel.swift */,
				CEC16B1625C17FAF00F7B367 /* Assets.xcassets */,
				CEC16BAE25C2B96100F7B367 /* Date.swift */,
				CEC16B4D25C21C9700F7B367 /* Font.swift */,
				CEC16B4925C1EB3700F7B367 /* SF-Pro-Display-Bold.otf */,
				CEC16B4A25C1EB3700F7B367 /* Courgette-Regular.ttf */,
				CEC16B4825C1EB3600F7B367 /* SF-Pro-Rounded-Regular.ttf */,
				CEC16B1825C17FAF00F7B367 /* Info.plist */,
			);
			path = "task Widget";
			sourceTree = "<group>";
		};
/* End PBXGroup section */

/* Begin PBXNativeTarget section */
		CE5BC8FB25C179640026FABE /* widget */ = {
			isa = PBXNativeTarget;
			buildConfigurationList = CE5BC91025C179650026FABE /* Build configuration list for PBXNativeTarget "widget" */;
			buildPhases = (
				CE5BC8F825C179640026FABE /* Sources */,
				CE5BC8F925C179640026FABE /* Frameworks */,
				CE5BC8FA25C179640026FABE /* Resources */,
				CEC16B1E25C17FAF00F7B367 /* Embed App Extensions */,
			);
			buildRules = (
			);
			dependencies = (
				CEC16B1C25C17FAF00F7B367 /* PBXTargetDependency */,
			);
			name = widget;
			productName = widget;
			productReference = CE5BC8FC25C179640026FABE /* widget.app */;
			productType = "com.apple.product-type.application";
		};
		CEC16B0B25C17FAB00F7B367 /* task WidgetExtension */ = {
			isa = PBXNativeTarget;
			buildConfigurationList = CEC16B2125C17FAF00F7B367 /* Build configuration list for PBXNativeTarget "task WidgetExtension" */;
			buildPhases = (
				CEC16B0825C17FAB00F7B367 /* Sources */,
				CEC16B0925C17FAB00F7B367 /* Frameworks */,
				CEC16B0A25C17FAB00F7B367 /* Resources */,
			);
			buildRules = (
			);
			dependencies = (
			);
			name = "task WidgetExtension";
			productName = "task WidgetExtension";
			productReference = CEC16B0C25C17FAB00F7B367 /* task WidgetExtension.appex */;
			productType = "com.apple.product-type.app-extension";
		};
/* End PBXNativeTarget section */

/* Begin PBXProject section */
		CE5BC8F425C179640026FABE /* Project object */ = {
			isa = PBXProject;
			attributes = {
				LastSwiftUpdateCheck = 1230;
				LastUpgradeCheck = 1230;
				TargetAttributes = {
					CE5BC8FB25C179640026FABE = {
						CreatedOnToolsVersion = 12.3;
					};
					CEC16B0B25C17FAB00F7B367 = {
						CreatedOnToolsVersion = 12.3;
					};
				};
			};
			buildConfigurationList = CE5BC8F725C179640026FABE /* Build configuration list for PBXProject "widget" */;
			compatibilityVersion = "Xcode 9.3";
			developmentRegion = en;
			hasScannedForEncodings = 0;
			knownRegions = (
				en,
				Base,
			);
			mainGroup = CE5BC8F325C179640026FABE;
			productRefGroup = CE5BC8FD25C179640026FABE /* Products */;
			projectDirPath = "";
			projectRoot = "";
			targets = (
				CE5BC8FB25C179640026FABE /* widget */,
				CEC16B0B25C17FAB00F7B367 /* task WidgetExtension */,
			);
		};
/* End PBXProject section */

/* Begin PBXResourcesBuildPhase section */
		CE5BC8FA25C179640026FABE /* Resources */ = {
			isa = PBXResourcesBuildPhase;
			buildActionMask = 2147483647;
			files = (
				CE5BC90C25C179650026FABE /* LaunchScreen.storyboard in Resources */,
				CE5BC90925C179650026FABE /* Preview Assets.xcassets in Resources */,
				CE5BC90625C179650026FABE /* Assets.xcassets in Resources */,
			);
			runOnlyForDeploymentPostprocessing = 0;
		};
		CEC16B0A25C17FAB00F7B367 /* Resources */ = {
			isa = PBXResourcesBuildPhase;
			buildActionMask = 2147483647;
			files = (
				CEC16BC525C2CA2F00F7B367 /* SF-Pro-Rounded-Regular.ttf in Resources */,
				CEC16BC225C2CA2C00F7B367 /* Courgette-Regular.ttf in Resources */,
				CEC16BC825C2CA3200F7B367 /* SF-Pro-Display-Bold.otf in Resources */,
				CEC16B1725C17FAF00F7B367 /* Assets.xcassets in Resources */,
			);
			runOnlyForDeploymentPostprocessing = 0;
		};
/* End PBXResourcesBuildPhase section */

/* Begin PBXSourcesBuildPhase section */
		CE5BC8F825C179640026FABE /* Sources */ = {
			isa = PBXSourcesBuildPhase;
			buildActionMask = 2147483647;
			files = (
				CE5BC90025C179640026FABE /* AppDelegate.swift in Sources */,
				CE5BC90225C179640026FABE /* SceneDelegate.swift in Sources */,
				CEC16BAF25C2B96100F7B367 /* Date.swift in Sources */,
				CEC16B5325C21E4200F7B367 /* BatteryViewModel.swift in Sources */,
				CEC16B4E25C21C9700F7B367 /* Font.swift in Sources */,
				CE5BC90425C179640026FABE /* ContentView.swift in Sources */,
				CEC16B1A25C17FAF00F7B367 /* task_Widget.intentdefinition in Sources */,
			);
			runOnlyForDeploymentPostprocessing = 0;
		};
		CEC16B0825C17FAB00F7B367 /* Sources */ = {
			isa = PBXSourcesBuildPhase;
			buildActionMask = 2147483647;
			files = (
				CEC16B5425C21E4200F7B367 /* BatteryViewModel.swift in Sources */,
				CEC16BB025C2B96100F7B367 /* Date.swift in Sources */,
				CEC16B1425C17FAB00F7B367 /* task_Widget.swift in Sources */,
				CEC16B1925C17FAF00F7B367 /* task_Widget.intentdefinition in Sources */,
				CEC16B4F25C21C9700F7B367 /* Font.swift in Sources */,
			);
			runOnlyForDeploymentPostprocessing = 0;
		};
/* End PBXSourcesBuildPhase section */

/* Begin PBXTargetDependency section */
		CEC16B1C25C17FAF00F7B367 /* PBXTargetDependency */ = {
			isa = PBXTargetDependency;
			target = CEC16B0B25C17FAB00F7B367 /* task WidgetExtension */;
			targetProxy = CEC16B1B25C17FAF00F7B367 /* PBXContainerItemProxy */;
		};
/* End PBXTargetDependency section */

/* Begin PBXVariantGroup section */
		CE5BC90A25C179650026FABE /* LaunchScreen.storyboard */ = {
			isa = PBXVariantGroup;
			children = (
				CE5BC90B25C179650026FABE /* Base */,
			);
			name = LaunchScreen.storyboard;
			sourceTree = "<group>";
		};
/* End PBXVariantGroup section */

/* Begin XCBuildConfiguration section */
		CE5BC90E25C179650026FABE /* Debug */ = {
			isa = XCBuildConfiguration;
			buildSettings = {
				ALWAYS_SEARCH_USER_PATHS = NO;
				CLANG_ANALYZER_NONNULL = YES;
				CLANG_ANALYZER_NUMBER_OBJECT_CONVERSION = YES_AGGRESSIVE;
				CLANG_CXX_LANGUAGE_STANDARD = "gnu++14";
				CLANG_CXX_LIBRARY = "libc++";
				CLANG_ENABLE_MODULES = YES;
				CLANG_ENABLE_OBJC_ARC = YES;
				CLANG_ENABLE_OBJC_WEAK = YES;
				CLANG_WARN_BLOCK_CAPTURE_AUTORELEASING = YES;
				CLANG_WARN_BOOL_CONVERSION = YES;
				CLANG_WARN_COMMA = YES;
				CLANG_WARN_CONSTANT_CONVERSION = YES;
				CLANG_WARN_DEPRECATED_OBJC_IMPLEMENTATIONS = YES;
				CLANG_WARN_DIRECT_OBJC_ISA_USAGE = YES_ERROR;
				CLANG_WARN_DOCUMENTATION_COMMENTS = YES;
				CLANG_WARN_EMPTY_BODY = YES;
				CLANG_WARN_ENUM_CONVERSION = YES;
				CLANG_WARN_INFINITE_RECURSION = YES;
				CLANG_WARN_INT_CONVERSION = YES;
				CLANG_WARN_NON_LITERAL_NULL_CONVERSION = YES;
				CLANG_WARN_OBJC_IMPLICIT_RETAIN_SELF = YES;
				CLANG_WARN_OBJC_LITERAL_CONVERSION = YES;
				CLANG_WARN_OBJC_ROOT_CLASS = YES_ERROR;
				CLANG_WARN_QUOTED_INCLUDE_IN_FRAMEWORK_HEADER = YES;
				CLANG_WARN_RANGE_LOOP_ANALYSIS = YES;
				CLANG_WARN_STRICT_PROTOTYPES = YES;
				CLANG_WARN_SUSPICIOUS_MOVE = YES;
				CLANG_WARN_UNGUARDED_AVAILABILITY = YES_AGGRESSIVE;
				CLANG_WARN_UNREACHABLE_CODE = YES;
				CLANG_WARN__DUPLICATE_METHOD_MATCH = YES;
				COPY_PHASE_STRIP = NO;
				DEBUG_INFORMATION_FORMAT = dwarf;
				ENABLE_STRICT_OBJC_MSGSEND = YES;
				ENABLE_TESTABILITY = YES;
				GCC_C_LANGUAGE_STANDARD = gnu11;
				GCC_DYNAMIC_NO_PIC = NO;
				GCC_NO_COMMON_BLOCKS = YES;
				GCC_OPTIMIZATION_LEVEL = 0;
				GCC_PREPROCESSOR_DEFINITIONS = (
					"DEBUG=1",
					"$(inherited)",
				);
				GCC_WARN_64_TO_32_BIT_CONVERSION = YES;
				GCC_WARN_ABOUT_RETURN_TYPE = YES_ERROR;
				GCC_WARN_UNDECLARED_SELECTOR = YES;
				GCC_WARN_UNINITIALIZED_AUTOS = YES_AGGRESSIVE;
				GCC_WARN_UNUSED_FUNCTION = YES;
				GCC_WARN_UNUSED_VARIABLE = YES;
				IPHONEOS_DEPLOYMENT_TARGET = 14.3;
				MTL_ENABLE_DEBUG_INFO = INCLUDE_SOURCE;
				MTL_FAST_MATH = YES;
				ONLY_ACTIVE_ARCH = YES;
				SDKROOT = iphoneos;
				SWIFT_ACTIVE_COMPILATION_CONDITIONS = DEBUG;
				SWIFT_OPTIMIZATION_LEVEL = "-Onone";
			};
			name = Debug;
		};
		CE5BC90F25C179650026FABE /* Release */ = {
			isa = XCBuildConfiguration;
			buildSettings = {
				ALWAYS_SEARCH_USER_PATHS = NO;
				CLANG_ANALYZER_NONNULL = YES;
				CLANG_ANALYZER_NUMBER_OBJECT_CONVERSION = YES_AGGRESSIVE;
				CLANG_CXX_LANGUAGE_STANDARD = "gnu++14";
				CLANG_CXX_LIBRARY = "libc++";
				CLANG_ENABLE_MODULES = YES;
				CLANG_ENABLE_OBJC_ARC = YES;
				CLANG_ENABLE_OBJC_WEAK = YES;
				CLANG_WARN_BLOCK_CAPTURE_AUTORELEASING = YES;
				CLANG_WARN_BOOL_CONVERSION = YES;
				CLANG_WARN_COMMA = YES;
				CLANG_WARN_CONSTANT_CONVERSION = YES;
				CLANG_WARN_DEPRECATED_OBJC_IMPLEMENTATIONS = YES;
				CLANG_WARN_DIRECT_OBJC_ISA_USAGE = YES_ERROR;
				CLANG_WARN_DOCUMENTATION_COMMENTS = YES;
				CLANG_WARN_EMPTY_BODY = YES;
				CLANG_WARN_ENUM_CONVERSION = YES;
				CLANG_WARN_INFINITE_RECURSION = YES;
				CLANG_WARN_INT_CONVERSION = YES;
				CLANG_WARN_NON_LITERAL_NULL_CONVERSION = YES;
				CLANG_WARN_OBJC_IMPLICIT_RETAIN_SELF = YES;
				CLANG_WARN_OBJC_LITERAL_CONVERSION = YES;
				CLANG_WARN_OBJC_ROOT_CLASS = YES_ERROR;
				CLANG_WARN_QUOTED_INCLUDE_IN_FRAMEWORK_HEADER = YES;
				CLANG_WARN_RANGE_LOOP_ANALYSIS = YES;
				CLANG_WARN_STRICT_PROTOTYPES = YES;
				CLANG_WARN_SUSPICIOUS_MOVE = YES;
				CLANG_WARN_UNGUARDED_AVAILABILITY = YES_AGGRESSIVE;
				CLANG_WARN_UNREACHABLE_CODE = YES;
				CLANG_WARN__DUPLICATE_METHOD_MATCH = YES;
				COPY_PHASE_STRIP = NO;
				DEBUG_INFORMATION_FORMAT = "dwarf-with-dsym";
				ENABLE_NS_ASSERTIONS = NO;
				ENABLE_STRICT_OBJC_MSGSEND = YES;
				GCC_C_LANGUAGE_STANDARD = gnu11;
				GCC_NO_COMMON_BLOCKS = YES;
				GCC_WARN_64_TO_32_BIT_CONVERSION = YES;
				GCC_WARN_ABOUT_RETURN_TYPE = YES_ERROR;
				GCC_WARN_UNDECLARED_SELECTOR = YES;
				GCC_WARN_UNINITIALIZED_AUTOS = YES_AGGRESSIVE;
				GCC_WARN_UNUSED_FUNCTION = YES;
				GCC_WARN_UNUSED_VARIABLE = YES;
				IPHONEOS_DEPLOYMENT_TARGET = 14.3;
				MTL_ENABLE_DEBUG_INFO = NO;
				MTL_FAST_MATH = YES;
				SDKROOT = iphoneos;
				SWIFT_COMPILATION_MODE = wholemodule;
				SWIFT_OPTIMIZATION_LEVEL = "-O";
				VALIDATE_PRODUCT = YES;
			};
			name = Release;
		};
		CE5BC91125C179650026FABE /* Debug */ = {
			isa = XCBuildConfiguration;
			buildSettings = {
				ALWAYS_EMBED_SWIFT_STANDARD_LIBRARIES = YES;
				ASSETCATALOG_COMPILER_APPICON_NAME = AppIcon;
				ASSETCATALOG_COMPILER_GLOBAL_ACCENT_COLOR_NAME = AccentColor;
				CODE_SIGN_STYLE = Automatic;
				DEVELOPMENT_ASSET_PATHS = "\"widget/Preview Content\"";
				DEVELOPMENT_TEAM = 3LGQ7BBGZ6;
				ENABLE_PREVIEWS = YES;
				INFOPLIST_FILE = widget/Info.plist;
				LD_RUNPATH_SEARCH_PATHS = (
					"$(inherited)",
					"@executable_path/Frameworks",
				);
				PRODUCT_BUNDLE_IDENTIFIER = Igor.widget;
				PRODUCT_NAME = "$(TARGET_NAME)";
				SWIFT_VERSION = 5.0;
				TARGETED_DEVICE_FAMILY = "1,2";
			};
			name = Debug;
		};
		CE5BC91225C179650026FABE /* Release */ = {
			isa = XCBuildConfiguration;
			buildSettings = {
				ALWAYS_EMBED_SWIFT_STANDARD_LIBRARIES = YES;
				ASSETCATALOG_COMPILER_APPICON_NAME = AppIcon;
				ASSETCATALOG_COMPILER_GLOBAL_ACCENT_COLOR_NAME = AccentColor;
				CODE_SIGN_STYLE = Automatic;
				DEVELOPMENT_ASSET_PATHS = "\"widget/Preview Content\"";
				DEVELOPMENT_TEAM = 3LGQ7BBGZ6;
				ENABLE_PREVIEWS = YES;
				INFOPLIST_FILE = widget/Info.plist;
				LD_RUNPATH_SEARCH_PATHS = (
					"$(inherited)",
					"@executable_path/Frameworks",
				);
				PRODUCT_BUNDLE_IDENTIFIER = Igor.widget;
				PRODUCT_NAME = "$(TARGET_NAME)";
				SWIFT_VERSION = 5.0;
				TARGETED_DEVICE_FAMILY = "1,2";
			};
			name = Release;
		};
		CEC16B1F25C17FAF00F7B367 /* Debug */ = {
			isa = XCBuildConfiguration;
			buildSettings = {
				ASSETCATALOG_COMPILER_GLOBAL_ACCENT_COLOR_NAME = AccentColor;
				ASSETCATALOG_COMPILER_WIDGET_BACKGROUND_COLOR_NAME = WidgetBackground;
				CODE_SIGN_STYLE = Automatic;
				DEVELOPMENT_TEAM = 3LGQ7BBGZ6;
				INFOPLIST_FILE = "task Widget/Info.plist";
				LD_RUNPATH_SEARCH_PATHS = (
					"$(inherited)",
					"@executable_path/Frameworks",
					"@executable_path/../../Frameworks",
				);
				PRODUCT_BUNDLE_IDENTIFIER = "Igor.widget.task-Widget";
				PRODUCT_NAME = "$(TARGET_NAME)";
				SKIP_INSTALL = YES;
				SWIFT_VERSION = 5.0;
				TARGETED_DEVICE_FAMILY = "1,2";
			};
			name = Debug;
		};
		CEC16B2025C17FAF00F7B367 /* Release */ = {
			isa = XCBuildConfiguration;
			buildSettings = {
				ASSETCATALOG_COMPILER_GLOBAL_ACCENT_COLOR_NAME = AccentColor;
				ASSETCATALOG_COMPILER_WIDGET_BACKGROUND_COLOR_NAME = WidgetBackground;
				CODE_SIGN_STYLE = Automatic;
				DEVELOPMENT_TEAM = 3LGQ7BBGZ6;
				INFOPLIST_FILE = "task Widget/Info.plist";
				LD_RUNPATH_SEARCH_PATHS = (
					"$(inherited)",
					"@executable_path/Frameworks",
					"@executable_path/../../Frameworks",
				);
				PRODUCT_BUNDLE_IDENTIFIER = "Igor.widget.task-Widget";
				PRODUCT_NAME = "$(TARGET_NAME)";
				SKIP_INSTALL = YES;
				SWIFT_VERSION = 5.0;
				TARGETED_DEVICE_FAMILY = "1,2";
			};
			name = Release;
		};
/* End XCBuildConfiguration section */

/* Begin XCConfigurationList section */
		CE5BC8F725C179640026FABE /* Build configuration list for PBXProject "widget" */ = {
			isa = XCConfigurationList;
			buildConfigurations = (
				CE5BC90E25C179650026FABE /* Debug */,
				CE5BC90F25C179650026FABE /* Release */,
			);
			defaultConfigurationIsVisible = 0;
			defaultConfigurationName = Release;
		};
		CE5BC91025C179650026FABE /* Build configuration list for PBXNativeTarget "widget" */ = {
			isa = XCConfigurationList;
			buildConfigurations = (
				CE5BC91125C179650026FABE /* Debug */,
				CE5BC91225C179650026FABE /* Release */,
			);
			defaultConfigurationIsVisible = 0;
			defaultConfigurationName = Release;
		};
		CEC16B2125C17FAF00F7B367 /* Build configuration list for PBXNativeTarget "task WidgetExtension" */ = {
			isa = XCConfigurationList;
			buildConfigurations = (
				CEC16B1F25C17FAF00F7B367 /* Debug */,
				CEC16B2025C17FAF00F7B367 /* Release */,
			);
			defaultConfigurationIsVisible = 0;
			defaultConfigurationName = Release;
		};
/* End XCConfigurationList section */
	};
	rootObject = CE5BC8F425C179640026FABE /* Project object */;
}
